{
  "requires": true,
  "lockfileVersion": 1,
  "dependencies": {
    "klouds": {
      "version": "2.1.0",
      "resolved": "https://registry.npmjs.org/klouds/-/klouds-2.1.0.tgz",
      "integrity": "sha512-tsp9tyPCfUssyoXUcDDkdMVV1towgJpnCTnTxmCXxsQie5m0eRf1QJffHW4F1QBIGUkQiVCyqIFO7fTZO160vg=="
    }
  }
}
